
Microsoft Visual Studio Solution File, Format Version 11.00
# Visual Studio 2010
Project("{FAE04EC0-301F-11D3-BF4B-00C04F79EFBC}") = "SeeIt", "Assembly-CSharp.csproj", "{ECED5504-3C98-B0BC-2E4C-43B362AFECB3}"
EndProject
Project("{FAE04EC0-301F-11D3-BF4B-00C04F79EFBC}") = "SeeIt", "Assembly-CSharp-Editor.csproj", "{A356CC32-CA49-26BA-1B4E-37503E9D177B}"
EndProject
Project("{B8072871-B1C6-AD84-6518-261920018027}") = "SeeIt", "Assembly-UnityScript-Editor-firstpass.unityproj", "{BF02FF6B-466C-E5C9-69D9-7F3EA75B36FC}"
EndProject
Global
	GlobalSection(SolutionConfigurationPlatforms) = preSolution
		Debug|Any CPU = Debug|Any CPU
		Release|Any CPU = Release|Any CPU
	EndGlobalSection
	GlobalSection(ProjectConfigurationPlatforms) = postSolution
		{ECED5504-3C98-B0BC-2E4C-43B362AFECB3}.Debug|Any CPU.ActiveCfg = Debug|Any CPU
		{ECED5504-3C98-B0BC-2E4C-43B362AFECB3}.Debug|Any CPU.Build.0 = Debug|Any CPU
		{ECED5504-3C98-B0BC-2E4C-43B362AFECB3}.Release|Any CPU.ActiveCfg = Release|Any CPU
		{ECED5504-3C98-B0BC-2E4C-43B362AFECB3}.Release|Any CPU.Build.0 = Release|Any CPU
		{A356CC32-CA49-26BA-1B4E-37503E9D177B}.Debug|Any CPU.ActiveCfg = Debug|Any CPU
		{A356CC32-CA49-26BA-1B4E-37503E9D177B}.Debug|Any CPU.Build.0 = Debug|Any CPU
		{A356CC32-CA49-26BA-1B4E-37503E9D177B}.Release|Any CPU.ActiveCfg = Release|Any CPU
		{A356CC32-CA49-26BA-1B4E-37503E9D177B}.Release|Any CPU.Build.0 = Release|Any CPU
		{BF02FF6B-466C-E5C9-69D9-7F3EA75B36FC}.Debug|Any CPU.ActiveCfg = Debug|Any CPU
		{BF02FF6B-466C-E5C9-69D9-7F3EA75B36FC}.Debug|Any CPU.Build.0 = Debug|Any CPU
		{BF02FF6B-466C-E5C9-69D9-7F3EA75B36FC}.Release|Any CPU.ActiveCfg = Release|Any CPU
		{BF02FF6B-466C-E5C9-69D9-7F3EA75B36FC}.Release|Any CPU.Build.0 = Release|Any CPU
	EndGlobalSection
	GlobalSection(SolutionProperties) = preSolution
		HideSolutionNode = FALSE
	EndGlobalSection
	GlobalSection(MonoDevelopProperties) = preSolution
		StartupItem = Assembly-CSharp.csproj
	EndGlobalSection
EndGlobal
